<?xml version="1.0" encoding="utf-8"?>
<Project ToolsVersion="4.0" xmlns="http://schemas.microsoft.com/developer/msbuild/2003">
  <ItemGroup>
    <Filter Include="리소스 파일">
      <UniqueIdentifier>{67DA6AB6-F800-4c08-8B7A-83BB121AAD01}</UniqueIdentifier>
      <Extensions>rc;ico;cur;bmp;dlg;rc2;rct;bin;rgs;gif;jpg;jpeg;jpe;resx;tiff;tif;png;wav;mfcribbon-ms</Extensions>
    </Filter>
    <Filter Include="Framework">
      <UniqueIdentifier>{834f25e7-d84e-438f-8675-144b17f7bc33}</UniqueIdentifier>
    </Filter>
    <Filter Include="Game">
      <UniqueIdentifier>{cbcf670b-d164-47c1-9127-56981e683939}</UniqueIdentifier>
    </Filter>
  </ItemGroup>
  <ItemGroup>
    <ClCompile Include="Main.c" />
    <ClCompile Include="stdafx.c" />
    <ClCompile Include="Framework\Renderer.c">
      <Filter>Framework</Filter>
    </ClCompile>
    <ClCompile Include="Framework\Window.c">
      <Filter>Framework</Filter>
    </ClCompile>
    <ClCompile Include="App.c" />
    <ClCompile Include="Framework\Image.c">
      <Filter>Framework</Filter>
    </ClCompile>
    <ClCompile Include="Framework\Input.c">
      <Filter>Framework</Filter>
    </ClCompile>
    <ClCompile Include="Framework\Timer.c">
      <Filter>Framework</Filter>
    </ClCompile>
    <ClCompile Include="Framework\Random.c">
      <Filter>Framework</Filter>
    </ClCompile>
    <ClCompile Include="Framework\Scene.c">
      <Filter>Framework</Filter>
    </ClCompile>
    <ClCompile Include="Framework\Audio.c">
      <Filter>Framework</Filter>
    </ClCompile>
    <ClCompile Include="Framework\Text.c">
      <Filter>Framework</Filter>
    </ClCompile>
    <ClCompile Include="Framework\Csv.c">
      <Filter>Framework</Filter>
    </ClCompile>
  </ItemGroup>
  <ItemGroup>
    <ClInclude Include="stdafx.h" />
    <ClInclude Include="Type.h" />
    <ClInclude Include="Macro.h" />
    <ClInclude Include="Common.h" />
    <ClInclude Include="Framework\Renderer.h">
      <Filter>Framework</Filter>
    </ClInclude>
    <ClInclude Include="Framework\Window.h">
      <Filter>Framework</Filter>
    </ClInclude>
    <ClInclude Include="App.h" />
    <ClInclude Include="Framework\Image.h">
      <Filter>Framework</Filter>
    </ClInclude>
    <ClInclude Include="Framework\Input.h">
      <Filter>Framework</Filter>
    </ClInclude>
    <ClInclude Include="Framework\Timer.h">
      <Filter>Framework</Filter>
    </ClInclude>
    <ClInclude Include="Framework\Random.h">
      <Filter>Framework</Filter>
    </ClInclude>
    <ClInclude Include="Framework\Scene.h">
      <Filter>Framework</Filter>
    </ClInclude>
    <ClInclude Include="Config.h" />
    <ClInclude Include="Framework.h" />
    <ClInclude Include="Framework\Audio.h">
      <Filter>Framework</Filter>
    </ClInclude>
    <ClInclude Include="Framework\Text.h">
      <Filter>Framework</Filter>
    </ClInclude>
    <ClInclude Include="Framework\Csv.h">
      <Filter>Framework</Filter>
    </ClInclude>
  </ItemGroup>
</Project>